// !$*UTF8*$!
{
	archiveVersion = 1;
	classes = {
	};
	objectVersion = 50;
	objects = {

/* Begin PBXBuildFile section */
		240EE7A624FF91A500021717 /* AppDelegate.swift in Sources */ = {isa = PBXBuildFile; fileRef = 240EE7A524FF91A500021717 /* AppDelegate.swift */; };
		240EE7A824FF91A500021717 /* SceneDelegate.swift in Sources */ = {isa = PBXBuildFile; fileRef = 240EE7A724FF91A500021717 /* SceneDelegate.swift */; };
		240EE7AA24FF91A500021717 /* ContentView.swift in Sources */ = {isa = PBXBuildFile; fileRef = 240EE7A924FF91A500021717 /* ContentView.swift */; };
		240EE7AC24FF91A600021717 /* Assets.xcassets in Resources */ = {isa = PBXBuildFile; fileRef = 240EE7AB24FF91A600021717 /* Assets.xcassets */; };
		240EE7AF24FF91A600021717 /* Preview Assets.xcassets in Resources */ = {isa = PBXBuildFile; fileRef = 240EE7AE24FF91A600021717 /* Preview Assets.xcassets */; };
		240EE7B224FF91A600021717 /* LaunchScreen.storyboard in Resources */ = {isa = PBXBuildFile; fileRef = 240EE7B024FF91A600021717 /* LaunchScreen.storyboard */; };
		240EE7BE24FFB19500021717 /* CameraFinder.swift in Sources */ = {isa = PBXBuildFile; fileRef = 240EE7BD24FFB19500021717 /* CameraFinder.swift */; };
		240EE7C024FFC1F400021717 /* CameraViewController.swift in Sources */ = {isa = PBXBuildFile; fileRef = 240EE7BF24FFC1F400021717 /* CameraViewController.swift */; };
		240EE96B24FFC77500021717 /* libndi_licenses.txt in Resources */ = {isa = PBXBuildFile; fileRef = 240EE96524FFC77500021717 /* libndi_licenses.txt */; };
		240EE96C24FFC77500021717 /* libndi_ios.a in Frameworks */ = {isa = PBXBuildFile; fileRef = 240EE96724FFC77500021717 /* libndi_ios.a */; };
/* End PBXBuildFile section */

/* Begin PBXFileReference section */
		240EE7A224FF91A500021717 /* NDI Camera Streamer.app */ = {isa = PBXFileReference; explicitFileType = wrapper.application; includeInIndex = 0; path = "NDI Camera Streamer.app"; sourceTree = BUILT_PRODUCTS_DIR; };
		240EE7A524FF91A500021717 /* AppDelegate.swift */ = {isa = PBXFileReference; lastKnownFileType = sourcecode.swift; path = AppDelegate.swift; sourceTree = "<group>"; };
		240EE7A724FF91A500021717 /* SceneDelegate.swift */ = {isa = PBXFileReference; lastKnownFileType = sourcecode.swift; path = SceneDelegate.swift; sourceTree = "<group>"; };
		240EE7A924FF91A500021717 /* ContentView.swift */ = {isa = PBXFileReference; lastKnownFileType = sourcecode.swift; path = ContentView.swift; sourceTree = "<group>"; };
		240EE7AB24FF91A600021717 /* Assets.xcassets */ = {isa = PBXFileReference; lastKnownFileType = folder.assetcatalog; path = Assets.xcassets; sourceTree = "<group>"; };
		240EE7AE24FF91A600021717 /* Preview Assets.xcassets */ = {isa = PBXFileReference; lastKnownFileType = folder.assetcatalog; path = "Preview Assets.xcassets"; sourceTree = "<group>"; };
		240EE7B124FF91A600021717 /* Base */ = {isa = PBXFileReference; lastKnownFileType = file.storyboard; name = Base; path = Base.lproj/LaunchScreen.storyboard; sourceTree = "<group>"; };
		240EE7B324FF91A600021717 /* Info.plist */ = {isa = PBXFileReference; lastKnownFileType = text.plist.xml; path = Info.plist; sourceTree = "<group>"; };
		240EE7BD24FFB19500021717 /* CameraFinder.swift */ = {isa = PBXFileReference; lastKnownFileType = sourcecode.swift; path = CameraFinder.swift; sourceTree = "<group>"; };
		240EE7BF24FFC1F400021717 /* CameraViewController.swift */ = {isa = PBXFileReference; lastKnownFileType = sourcecode.swift; path = CameraViewController.swift; sourceTree = "<group>"; };
		240EE93E24FFC50D00021717 /* Bridging-Header.h */ = {isa = PBXFileReference; lastKnownFileType = sourcecode.c.h; path = "Bridging-Header.h"; sourceTree = "<group>"; };
		240EE95524FFC75000021717 /* Processing.NDI.compat.h */ = {isa = PBXFileReference; fileEncoding = 4; lastKnownFileType = sourcecode.c.h; path = Processing.NDI.compat.h; sourceTree = "<group>"; };
		240EE95624FFC75000021717 /* Processing.NDI.utilities.h */ = {isa = PBXFileReference; fileEncoding = 4; lastKnownFileType = sourcecode.c.h; path = Processing.NDI.utilities.h; sourceTree = "<group>"; };
		240EE95724FFC75000021717 /* Processing.NDI.Recv.ex.h */ = {isa = PBXFileReference; fileEncoding = 4; lastKnownFileType = sourcecode.c.h; path = Processing.NDI.Recv.ex.h; sourceTree = "<group>"; };
		240EE95824FFC75000021717 /* Processing.NDI.deprecated.h */ = {isa = PBXFileReference; fileEncoding = 4; lastKnownFileType = sourcecode.c.h; path = Processing.NDI.deprecated.h; sourceTree = "<group>"; };
		240EE95924FFC75000021717 /* Processing.NDI.Routing.h */ = {isa = PBXFileReference; fileEncoding = 4; lastKnownFileType = sourcecode.c.h; path = Processing.NDI.Routing.h; sourceTree = "<group>"; };
		240EE95A24FFC75000021717 /* Processing.NDI.Send.h */ = {isa = PBXFileReference; fileEncoding = 4; lastKnownFileType = sourcecode.c.h; path = Processing.NDI.Send.h; sourceTree = "<group>"; };
		240EE95B24FFC75000021717 /* Processing.NDI.structs.h */ = {isa = PBXFileReference; fileEncoding = 4; lastKnownFileType = sourcecode.c.h; path = Processing.NDI.structs.h; sourceTree = "<group>"; };
		240EE95C24FFC75000021717 /* Processing.NDI.Lib.cplusplus.h */ = {isa = PBXFileReference; fileEncoding = 4; lastKnownFileType = sourcecode.c.h; path = Processing.NDI.Lib.cplusplus.h; sourceTree = "<group>"; };
		240EE95D24FFC75000021717 /* Processing.NDI.FrameSync.h */ = {isa = PBXFileReference; fileEncoding = 4; lastKnownFileType = sourcecode.c.h; path = Processing.NDI.FrameSync.h; sourceTree = "<group>"; };
		240EE95E24FFC75000021717 /* Processing.NDI.Find.h */ = {isa = PBXFileReference; fileEncoding = 4; lastKnownFileType = sourcecode.c.h; path = Processing.NDI.Find.h; sourceTree = "<group>"; };
		240EE95F24FFC75000021717 /* Processing.NDI.DynamicLoad.h */ = {isa = PBXFileReference; fileEncoding = 4; lastKnownFileType = sourcecode.c.h; path = Processing.NDI.DynamicLoad.h; sourceTree = "<group>"; };
		240EE96024FFC75000021717 /* Processing.NDI.Recv.h */ = {isa = PBXFileReference; fileEncoding = 4; lastKnownFileType = sourcecode.c.h; path = Processing.NDI.Recv.h; sourceTree = "<group>"; };
		240EE96124FFC75000021717 /* Processing.NDI.Lib.h */ = {isa = PBXFileReference; fileEncoding = 4; lastKnownFileType = sourcecode.c.h; path = Processing.NDI.Lib.h; sourceTree = "<group>"; };
		240EE96424FFC77500021717 /* libndi.4.dylib */ = {isa = PBXFileReference; lastKnownFileType = "compiled.mach-o.dylib"; path = libndi.4.dylib; sourceTree = "<group>"; };
		240EE96524FFC77500021717 /* libndi_licenses.txt */ = {isa = PBXFileReference; fileEncoding = 4; lastKnownFileType = text; path = libndi_licenses.txt; sourceTree = "<group>"; };
		240EE96724FFC77500021717 /* libndi_ios.a */ = {isa = PBXFileReference; lastKnownFileType = archive.ar; path = libndi_ios.a; sourceTree = "<group>"; };
		240EE96924FFC77500021717 /* libndi_tvos.a */ = {isa = PBXFileReference; lastKnownFileType = archive.ar; path = libndi_tvos.a; sourceTree = "<group>"; };
/* End PBXFileReference section */

/* Begin PBXFrameworksBuildPhase section */
		240EE79F24FF91A500021717 /* Frameworks */ = {
			isa = PBXFrameworksBuildPhase;
			buildActionMask = 2147483647;
			files = (
				240EE96C24FFC77500021717 /* libndi_ios.a in Frameworks */,
			);
			runOnlyForDeploymentPostprocessing = 0;
		};
/* End PBXFrameworksBuildPhase section */

/* Begin PBXGroup section */
		240EE79924FF91A500021717 = {
			isa = PBXGroup;
			children = (
				240EE7A424FF91A500021717 /* NDI Camera Streamer */,
				240EE7A324FF91A500021717 /* Products */,
			);
			sourceTree = "<group>";
		};
		240EE7A324FF91A500021717 /* Products */ = {
			isa = PBXGroup;
			children = (
				240EE7A224FF91A500021717 /* NDI Camera Streamer.app */,
			);
			name = Products;
			sourceTree = "<group>";
		};
		240EE7A424FF91A500021717 /* NDI Camera Streamer */ = {
			isa = PBXGroup;
			children = (
				240EE93924FFC42500021717 /* NDI SDK for Apple */,
				240EE7A524FF91A500021717 /* AppDelegate.swift */,
				240EE7A724FF91A500021717 /* SceneDelegate.swift */,
				240EE93E24FFC50D00021717 /* Bridging-Header.h */,
				240EE7A924FF91A500021717 /* ContentView.swift */,
				240EE7BD24FFB19500021717 /* CameraFinder.swift */,
				240EE7BF24FFC1F400021717 /* CameraViewController.swift */,
				240EE7AB24FF91A600021717 /* Assets.xcassets */,
				240EE7B024FF91A600021717 /* LaunchScreen.storyboard */,
				240EE7B324FF91A600021717 /* Info.plist */,
				240EE7AD24FF91A600021717 /* Preview Content */,
			);
			path = "NDI Camera Streamer";
			sourceTree = "<group>";
		};
		240EE7AD24FF91A600021717 /* Preview Content */ = {
			isa = PBXGroup;
			children = (
				240EE7AE24FF91A600021717 /* Preview Assets.xcassets */,
			);
			path = "Preview Content";
			sourceTree = "<group>";
		};
		240EE93924FFC42500021717 /* NDI SDK for Apple */ = {
			isa = PBXGroup;
			children = (
				240EE96224FFC77500021717 /* lib */,
				240EE95424FFC75000021717 /* include */,
			);
			path = "NDI SDK for Apple";
			sourceTree = "<group>";
		};
		240EE95424FFC75000021717 /* include */ = {
			isa = PBXGroup;
			children = (
				240EE95524FFC75000021717 /* Processing.NDI.compat.h */,
				240EE95624FFC75000021717 /* Processing.NDI.utilities.h */,
				240EE95724FFC75000021717 /* Processing.NDI.Recv.ex.h */,
				240EE95824FFC75000021717 /* Processing.NDI.deprecated.h */,
				240EE95924FFC75000021717 /* Processing.NDI.Routing.h */,
				240EE95A24FFC75000021717 /* Processing.NDI.Send.h */,
				240EE95B24FFC75000021717 /* Processing.NDI.structs.h */,
				240EE95C24FFC75000021717 /* Processing.NDI.Lib.cplusplus.h */,
				240EE95D24FFC75000021717 /* Processing.NDI.FrameSync.h */,
				240EE95E24FFC75000021717 /* Processing.NDI.Find.h */,
				240EE95F24FFC75000021717 /* Processing.NDI.DynamicLoad.h */,
				240EE96024FFC75000021717 /* Processing.NDI.Recv.h */,
				240EE96124FFC75000021717 /* Processing.NDI.Lib.h */,
			);
			name = include;
			path = "../../../../../../Library/NDI SDK for Apple/include";
			sourceTree = "<group>";
		};
		240EE96224FFC77500021717 /* lib */ = {
			isa = PBXGroup;
			children = (
				240EE96324FFC77500021717 /* x64 */,
				240EE96624FFC77500021717 /* iOS */,
				240EE96824FFC77500021717 /* tvOS */,
			);
			name = lib;
			path = "../../../../../../Library/NDI SDK for Apple/lib";
			sourceTree = "<group>";
		};
		240EE96324FFC77500021717 /* x64 */ = {
			isa = PBXGroup;
			children = (
				240EE96424FFC77500021717 /* libndi.4.dylib */,
				240EE96524FFC77500021717 /* libndi_licenses.txt */,
			);
			path = x64;
			sourceTree = "<group>";
		};
		240EE96624FFC77500021717 /* iOS */ = {
			isa = PBXGroup;
			children = (
				240EE96724FFC77500021717 /* libndi_ios.a */,
			);
			path = iOS;
			sourceTree = "<group>";
		};
		240EE96824FFC77500021717 /* tvOS */ = {
			isa = PBXGroup;
			children = (
				240EE96924FFC77500021717 /* libndi_tvos.a */,
			);
			path = tvOS;
			sourceTree = "<group>";
		};
/* End PBXGroup section */

/* Begin PBXNativeTarget section */
		240EE7A124FF91A500021717 /* NDI Camera Streamer */ = {
			isa = PBXNativeTarget;
			buildConfigurationList = 240EE7B624FF91A600021717 /* Build configuration list for PBXNativeTarget "NDI Camera Streamer" */;
			buildPhases = (
				240EE79E24FF91A500021717 /* Sources */,
				240EE79F24FF91A500021717 /* Frameworks */,
				240EE7A024FF91A500021717 /* Resources */,
			);
			buildRules = (
			);
			dependencies = (
			);
			name = "NDI Camera Streamer";
			productName = "NDI Camera Streamer";
			productReference = 240EE7A224FF91A500021717 /* NDI Camera Streamer.app */;
			productType = "com.apple.product-type.application";
		};
/* End PBXNativeTarget section */

/* Begin PBXProject section */
		240EE79A24FF91A500021717 /* Project object */ = {
			isa = PBXProject;
			attributes = {
				LastSwiftUpdateCheck = 1160;
				LastUpgradeCheck = 1160;
				ORGANIZATIONNAME = dwork;
				TargetAttributes = {
					240EE7A124FF91A500021717 = {
						CreatedOnToolsVersion = 11.6;
					};
				};
			};
			buildConfigurationList = 240EE79D24FF91A500021717 /* Build configuration list for PBXProject "NDI Camera Streamer" */;
			compatibilityVersion = "Xcode 9.3";
			developmentRegion = en;
			hasScannedForEncodings = 0;
			knownRegions = (
				en,
				Base,
			);
			mainGroup = 240EE79924FF91A500021717;
			productRefGroup = 240EE7A324FF91A500021717 /* Products */;
			projectDirPath = "";
			projectRoot = "";
			targets = (
				240EE7A124FF91A500021717 /* NDI Camera Streamer */,
			);
		};
/* End PBXProject section */

/* Begin PBXResourcesBuildPhase section */
		240EE7A024FF91A500021717 /* Resources */ = {
			isa = PBXResourcesBuildPhase;
			buildActionMask = 2147483647;
			files = (
				240EE96B24FFC77500021717 /* libndi_licenses.txt in Resources */,
				240EE7B224FF91A600021717 /* LaunchScreen.storyboard in Resources */,
				240EE7AF24FF91A600021717 /* Preview Assets.xcassets in Resources */,
				240EE7AC24FF91A600021717 /* Assets.xcassets in Resources */,
			);
			runOnlyForDeploymentPostprocessing = 0;
		};
/* End PBXResourcesBuildPhase section */

/* Begin PBXSourcesBuildPhase section */
		240EE79E24FF91A500021717 /* Sources */ = {
			isa = PBXSourcesBuildPhase;
			buildActionMask = 2147483647;
			files = (
				240EE7BE24FFB19500021717 /* CameraFinder.swift in Sources */,
				240EE7A624FF91A500021717 /* AppDelegate.swift in Sources */,
				240EE7C024FFC1F400021717 /* CameraViewController.swift in Sources */,
				240EE7A824FF91A500021717 /* SceneDelegate.swift in Sources */,
				240EE7AA24FF91A500021717 /* ContentView.swift in Sources */,
			);
			runOnlyForDeploymentPostprocessing = 0;
		};
/* End PBXSourcesBuildPhase section */

/* Begin PBXVariantGroup section */
		240EE7B024FF91A600021717 /* LaunchScreen.storyboard */ = {
			isa = PBXVariantGroup;
			children = (
				240EE7B124FF91A600021717 /* Base */,
			);
			name = LaunchScreen.storyboard;
			sourceTree = "<group>";
		};
/* End PBXVariantGroup section */

/* Begin XCBuildConfiguration section */
		240EE7B424FF91A600021717 /* Debug */ = {
			isa = XCBuildConfiguration;
			buildSettings = {
				ALWAYS_SEARCH_USER_PATHS = NO;
				CLANG_ANALYZER_NONNULL = YES;
				CLANG_ANALYZER_NUMBER_OBJECT_CONVERSION = YES_AGGRESSIVE;
				CLANG_CXX_LANGUAGE_STANDARD = "gnu++14";
				CLANG_CXX_LIBRARY = "libc++";
				CLANG_ENABLE_MODULES = YES;
				CLANG_ENABLE_OBJC_ARC = YES;
				CLANG_ENABLE_OBJC_WEAK = YES;
				CLANG_WARN_BLOCK_CAPTURE_AUTORELEASING = YES;
				CLANG_WARN_BOOL_CONVERSION = YES;
				CLANG_WARN_COMMA = YES;
				CLANG_WARN_CONSTANT_CONVERSION = YES;
				CLANG_WARN_DEPRECATED_OBJC_IMPLEMENTATIONS = YES;
				CLANG_WARN_DIRECT_OBJC_ISA_USAGE = YES_ERROR;
				CLANG_WARN_DOCUMENTATION_COMMENTS = YES;
				CLANG_WARN_EMPTY_BODY = YES;
				CLANG_WARN_ENUM_CONVERSION = YES;
				CLANG_WARN_INFINITE_RECURSION = YES;
				CLANG_WARN_INT_CONVERSION = YES;
				CLANG_WARN_NON_LITERAL_NULL_CONVERSION = YES;
				CLANG_WARN_OBJC_IMPLICIT_RETAIN_SELF = YES;
				CLANG_WARN_OBJC_LITERAL_CONVERSION = YES;
				CLANG_WARN_OBJC_ROOT_CLASS = YES_ERROR;
				CLANG_WARN_RANGE_LOOP_ANALYSIS = YES;
				CLANG_WARN_STRICT_PROTOTYPES = YES;
				CLANG_WARN_SUSPICIOUS_MOVE = YES;
				CLANG_WARN_UNGUARDED_AVAILABILITY = YES_AGGRESSIVE;
				CLANG_WARN_UNREACHABLE_CODE = YES;
				CLANG_WARN__DUPLICATE_METHOD_MATCH = YES;
				COPY_PHASE_STRIP = NO;
				DEBUG_INFORMATION_FORMAT = dwarf;
				ENABLE_STRICT_OBJC_MSGSEND = YES;
				ENABLE_TESTABILITY = YES;
				GCC_C_LANGUAGE_STANDARD = gnu11;
				GCC_DYNAMIC_NO_PIC = NO;
				GCC_NO_COMMON_BLOCKS = YES;
				GCC_OPTIMIZATION_LEVEL = 0;
				GCC_PREPROCESSOR_DEFINITIONS = (
					"DEBUG=1",
					"$(inherited)",
				);
				GCC_WARN_64_TO_32_BIT_CONVERSION = YES;
				GCC_WARN_ABOUT_RETURN_TYPE = YES_ERROR;
				GCC_WARN_UNDECLARED_SELECTOR = YES;
				GCC_WARN_UNINITIALIZED_AUTOS = YES_AGGRESSIVE;
				GCC_WARN_UNUSED_FUNCTION = YES;
				GCC_WARN_UNUSED_VARIABLE = YES;
				IPHONEOS_DEPLOYMENT_TARGET = 13.6;
				MTL_ENABLE_DEBUG_INFO = INCLUDE_SOURCE;
				MTL_FAST_MATH = YES;
				ONLY_ACTIVE_ARCH = YES;
				SDKROOT = iphoneos;
				SWIFT_ACTIVE_COMPILATION_CONDITIONS = DEBUG;
				SWIFT_OPTIMIZATION_LEVEL = "-Onone";
			};
			name = Debug;
		};
		240EE7B524FF91A600021717 /* Release */ = {
			isa = XCBuildConfiguration;
			buildSettings = {
				ALWAYS_SEARCH_USER_PATHS = NO;
				CLANG_ANALYZER_NONNULL = YES;
				CLANG_ANALYZER_NUMBER_OBJECT_CONVERSION = YES_AGGRESSIVE;
				CLANG_CXX_LANGUAGE_STANDARD = "gnu++14";
				CLANG_CXX_LIBRARY = "libc++";
				CLANG_ENABLE_MODULES = YES;
				CLANG_ENABLE_OBJC_ARC = YES;
				CLANG_ENABLE_OBJC_WEAK = YES;
				CLANG_WARN_BLOCK_CAPTURE_AUTORELEASING = YES;
				CLANG_WARN_BOOL_CONVERSION = YES;
				CLANG_WARN_COMMA = YES;
				CLANG_WARN_CONSTANT_CONVERSION = YES;
				CLANG_WARN_DEPRECATED_OBJC_IMPLEMENTATIONS = YES;
				CLANG_WARN_DIRECT_OBJC_ISA_USAGE = YES_ERROR;
				CLANG_WARN_DOCUMENTATION_COMMENTS = YES;
				CLANG_WARN_EMPTY_BODY = YES;
				CLANG_WARN_ENUM_CONVERSION = YES;
				CLANG_WARN_INFINITE_RECURSION = YES;
				CLANG_WARN_INT_CONVERSION = YES;
				CLANG_WARN_NON_LITERAL_NULL_CONVERSION = YES;
				CLANG_WARN_OBJC_IMPLICIT_RETAIN_SELF = YES;
				CLANG_WARN_OBJC_LITERAL_CONVERSION = YES;
				CLANG_WARN_OBJC_ROOT_CLASS = YES_ERROR;
				CLANG_WARN_RANGE_LOOP_ANALYSIS = YES;
				CLANG_WARN_STRICT_PROTOTYPES = YES;
				CLANG_WARN_SUSPICIOUS_MOVE = YES;
				CLANG_WARN_UNGUARDED_AVAILABILITY = YES_AGGRESSIVE;
				CLANG_WARN_UNREACHABLE_CODE = YES;
				CLANG_WARN__DUPLICATE_METHOD_MATCH = YES;
				COPY_PHASE_STRIP = NO;
				DEBUG_INFORMATION_FORMAT = "dwarf-with-dsym";
				ENABLE_NS_ASSERTIONS = NO;
				ENABLE_STRICT_OBJC_MSGSEND = YES;
				GCC_C_LANGUAGE_STANDARD = gnu11;
				GCC_NO_COMMON_BLOCKS = YES;
				GCC_WARN_64_TO_32_BIT_CONVERSION = YES;
				GCC_WARN_ABOUT_RETURN_TYPE = YES_ERROR;
				GCC_WARN_UNDECLARED_SELECTOR = YES;
				GCC_WARN_UNINITIALIZED_AUTOS = YES_AGGRESSIVE;
				GCC_WARN_UNUSED_FUNCTION = YES;
				GCC_WARN_UNUSED_VARIABLE = YES;
				IPHONEOS_DEPLOYMENT_TARGET = 13.6;
				MTL_ENABLE_DEBUG_INFO = NO;
				MTL_FAST_MATH = YES;
				SDKROOT = iphoneos;
				SWIFT_COMPILATION_MODE = wholemodule;
				SWIFT_OPTIMIZATION_LEVEL = "-O";
				VALIDATE_PRODUCT = YES;
			};
			name = Release;
		};
		240EE7B724FF91A600021717 /* Debug */ = {
			isa = XCBuildConfiguration;
			buildSettings = {
				ASSETCATALOG_COMPILER_APPICON_NAME = AppIcon;
				CODE_SIGN_STYLE = Automatic;
				DEVELOPMENT_ASSET_PATHS = "\"NDI Camera Streamer/Preview Content\"";
				ENABLE_PREVIEWS = YES;
				INFOPLIST_FILE = "NDI Camera Streamer/Info.plist";
				LD_RUNPATH_SEARCH_PATHS = (
					"$(inherited)",
					"@executable_path/Frameworks",
				);
				LIBRARY_SEARCH_PATHS = (
					"$(inherited)",
					"$(PROJECT_DIR)/NDI\\ Camera\\ Streamer",
					"$(LOCAL_LIBRARY_DIR)/NDI\\ SDK\\ for\\ Apple/lib/x64",
					"$(LOCAL_LIBRARY_DIR)/NDI\\ SDK\\ for\\ Apple/lib/iOS",
					"$(LOCAL_LIBRARY_DIR)/NDI\\ SDK\\ for\\ Apple/lib/tvOS",
				);
				PRODUCT_BUNDLE_IDENTIFIER = "vn.dwork.NDI-Camera-Streamer";
				PRODUCT_NAME = "$(TARGET_NAME)";
				SWIFT_OBJC_BRIDGING_HEADER = "./NDI Camera Streamer/Bridging-Header.h";
				SWIFT_VERSION = 5.0;
				TARGETED_DEVICE_FAMILY = "1,2";
			};
			name = Debug;
		};
		240EE7B824FF91A600021717 /* Release */ = {
			isa = XCBuildConfiguration;
			buildSettings = {
				ASSETCATALOG_COMPILER_APPICON_NAME = AppIcon;
				CODE_SIGN_STYLE = Automatic;
				DEVELOPMENT_ASSET_PATHS = "\"NDI Camera Streamer/Preview Content\"";
				ENABLE_PREVIEWS = YES;
				INFOPLIST_FILE = "NDI Camera Streamer/Info.plist";
				LD_RUNPATH_SEARCH_PATHS = (
					"$(inherited)",
					"@executable_path/Frameworks",
				);
				LIBRARY_SEARCH_PATHS = (
					"$(inherited)",
					"$(PROJECT_DIR)/NDI\\ Camera\\ Streamer",
					"$(LOCAL_LIBRARY_DIR)/NDI\\ SDK\\ for\\ Apple/lib/x64",
					"$(LOCAL_LIBRARY_DIR)/NDI\\ SDK\\ for\\ Apple/lib/iOS",
					"$(LOCAL_LIBRARY_DIR)/NDI\\ SDK\\ for\\ Apple/lib/tvOS",
				);
				PRODUCT_BUNDLE_IDENTIFIER = "vn.dwork.NDI-Camera-Streamer";
				PRODUCT_NAME = "$(TARGET_NAME)";
				SWIFT_OBJC_BRIDGING_HEADER = "./NDI Camera Streamer/Bridging-Header.h";
				SWIFT_VERSION = 5.0;
				TARGETED_DEVICE_FAMILY = "1,2";
			};
			name = Release;
		};
/* End XCBuildConfiguration section */

/* Begin XCConfigurationList section */
		240EE79D24FF91A500021717 /* Build configuration list for PBXProject "NDI Camera Streamer" */ = {
			isa = XCConfigurationList;
			buildConfigurations = (
				240EE7B424FF91A600021717 /* Debug */,
				240EE7B524FF91A600021717 /* Release */,
			);
			defaultConfigurationIsVisible = 0;
			defaultConfigurationName = Release;
		};
		240EE7B624FF91A600021717 /* Build configuration list for PBXNativeTarget "NDI Camera Streamer" */ = {
			isa = XCConfigurationList;
			buildConfigurations = (
				240EE7B724FF91A600021717 /* Debug */,
				240EE7B824FF91A600021717 /* Release */,
			);
			defaultConfigurationIsVisible = 0;
			defaultConfigurationName = Release;
		};
/* End XCConfigurationList section */
	};
	rootObject = 240EE79A24FF91A500021717 /* Project object */;
}
